
Microsoft Visual Studio Solution File, Format Version 12.00
# Visual Studio Version 17
VisualStudioVersion = 17.6.34302.98
MinimumVisualStudioVersion = 10.0.40219.1
Project("{FAE04EC0-301F-11D3-BF4B-00C04F79EFBC}") = "WinFormsApp1", "WinFormsApp1.csproj", "{C45E4758-AC2B-401B-BC02-EED2AB63C792}"
EndProject
Global
	GlobalSection(SolutionConfigurationPlatforms) = preSolution
		Debug|Any CPU = Debug|Any CPU
		Release|Any CPU = Release|Any CPU
	EndGlobalSection
	GlobalSection(ProjectConfigurationPlatforms) = postSolution
		{C45E4758-AC2B-401B-BC02-EED2AB63C792}.Debug|Any CPU.ActiveCfg = Debug|Any CPU
		{C45E4758-AC2B-401B-BC02-EED2AB63C792}.Debug|Any CPU.Build.0 = Debug|Any CPU
		{C45E4758-AC2B-401B-BC02-EED2AB63C792}.Release|Any CPU.ActiveCfg = Release|Any CPU
		{C45E4758-AC2B-401B-BC02-EED2AB63C792}.Release|Any CPU.Build.0 = Release|Any CPU
	EndGlobalSection
	GlobalSection(SolutionProperties) = preSolution
		HideSolutionNode = FALSE
	EndGlobalSection
	GlobalSection(ExtensibilityGlobals) = postSolution
		SolutionGuid = {6A9CE6CF-2F0E-46F2-B25F-2B407CEF7D19}
	EndGlobalSection
EndGlobal
